// !$*UTF8*$!
{
	archiveVersion = 1;
	classes = {
	};
	objectVersion = 77;
	objects = {

/* Begin PBXBuildFile section */
		BA109D1F2FDCED3F0076B17D /* README.md in Resources */ = {isa = PBXBuildFile; fileRef = BA109D1E2FDCED3F0076B17D /* README.md */; };
		BA109D292FDCF1610076B17D /* NIO in Frameworks */ = {isa = PBXBuildFile; productRef = BA109D282FDCF1610076B17D /* NIO */; };
		BA109D2B2FDCF1610076B17D /* NIOConcurrencyHelpers in Frameworks */ = {isa = PBXBuildFile; productRef = BA109D2A2FDCF1610076B17D /* NIOConcurrencyHelpers */; };
		BA109D2D2FDCF1610076B17D /* NIOCore in Frameworks */ = {isa = PBXBuildFile; productRef = BA109D2C2FDCF1610076B17D /* NIOCore */; };
		BA109D2F2FDCF1610076B17D /* NIOEmbedded in Frameworks */ = {isa = PBXBuildFile; productRef = BA109D2E2FDCF1610076B17D /* NIOEmbedded */; };
		BA109D312FDCF1610076B17D /* NIOFoundationCompat in Frameworks */ = {isa = PBXBuildFile; productRef = BA109D302FDCF1610076B17D /* NIOFoundationCompat */; };
		BA109D332FDCF1610076B17D /* NIOFoundationEssentialsCompat in Frameworks */ = {isa = PBXBuildFile; productRef = BA109D322FDCF1610076B17D /* NIOFoundationEssentialsCompat */; };
		BA109D352FDCF1610076B17D /* NIOHTTP1 in Frameworks */ = {isa = PBXBuildFile; productRef = BA109D342FDCF1610076B17D /* NIOHTTP1 */; };
		BA109D372FDCF1610076B17D /* NIOPosix in Frameworks */ = {isa = PBXBuildFile; productRef = BA109D362FDCF1610076B17D /* NIOPosix */; };
		BA109D392FDCF1610076B17D /* NIOTLS in Frameworks */ = {isa = PBXBuildFile; productRef = BA109D382FDCF1610076B17D /* NIOTLS */; };
		BA109D3B2FDCF1610076B17D /* NIOTestUtils in Frameworks */ = {isa = PBXBuildFile; productRef = BA109D3A2FDCF1610076B17D /* NIOTestUtils */; };
		BA109D3D2FDCF1610076B17D /* NIOWebSocket in Frameworks */ = {isa = PBXBuildFile; productRef = BA109D3C2FDCF1610076B17D /* NIOWebSocket */; };
		BA109D3F2FDCF1610076B17D /* _NIOConcurrency in Frameworks */ = {isa = PBXBuildFile; productRef = BA109D3E2FDCF1610076B17D /* _NIOConcurrency */; };
		BA109D412FDCF1610076B17D /* _NIOFileSystem in Frameworks */ = {isa = PBXBuildFile; productRef = BA109D402FDCF1610076B17D /* _NIOFileSystem */; };
		BA109D432FDCF1610076B17D /* _NIOFileSystemFoundationCompat in Frameworks */ = {isa = PBXBuildFile; productRef = BA109D422FDCF1610076B17D /* _NIOFileSystemFoundationCompat */; };
		BA109D462FDCF1DD0076B17D /* NIOTransportServices in Frameworks */ = {isa = PBXBuildFile; productRef = BA109D452FDCF1DD0076B17D /* NIOTransportServices */; };
		BA109D492FDCF20F0076B17D /* NIOSSL in Frameworks */ = {isa = PBXBuildFile; productRef = BA109D482FDCF20F0076B17D /* NIOSSL */; };
		BA109D4C2FDCF2310076B17D /* IRC in Frameworks */ = {isa = PBXBuildFile; productRef = BA109D4B2FDCF2310076B17D /* IRC */; };
		BA109D5F2FDD2AEC0076B17D /* X509 in Frameworks */ = {isa = PBXBuildFile; productRef = BA109D5E2FDD2AEC0076B17D /* X509 */; };
/* End PBXBuildFile section */

/* Begin PBXFileReference section */
		BA109D1E2FDCED3F0076B17D /* README.md */ = {isa = PBXFileReference; lastKnownFileType = net.daringfireball.markdown; path = README.md; sourceTree = "<group>"; };
		BA8D369D2FDC3BD400F3F342 /* SwiftXDCC.app */ = {isa = PBXFileReference; explicitFileType = wrapper.application; includeInIndex = 0; path = SwiftXDCC.app; sourceTree = BUILT_PRODUCTS_DIR; };
/* End PBXFileReference section */

/* Begin PBXFileSystemSynchronizedRootGroup section */
		BA8D369F2FDC3BD400F3F342 /* SwiftXDCC */ = {
			isa = PBXFileSystemSynchronizedRootGroup;
			path = SwiftXDCC;
			sourceTree = "<group>";
		};
/* End PBXFileSystemSynchronizedRootGroup section */

/* Begin PBXFrameworksBuildPhase section */
		BA8D369A2FDC3BD400F3F342 /* Frameworks */ = {
			isa = PBXFrameworksBuildPhase;
			buildActionMask = 2147483647;
			files = (
				BA109D2D2FDCF1610076B17D /* NIOCore in Frameworks */,
				BA109D372FDCF1610076B17D /* NIOPosix in Frameworks */,
				BA109D312FDCF1610076B17D /* NIOFoundationCompat in Frameworks */,
				BA109D462FDCF1DD0076B17D /* NIOTransportServices in Frameworks */,
				BA109D3F2FDCF1610076B17D /* _NIOConcurrency in Frameworks */,
				BA109D292FDCF1610076B17D /* NIO in Frameworks */,
				BA109D352FDCF1610076B17D /* NIOHTTP1 in Frameworks */,
				BA109D3B2FDCF1610076B17D /* NIOTestUtils in Frameworks */,
				BA109D392FDCF1610076B17D /* NIOTLS in Frameworks */,
				BA109D412FDCF1610076B17D /* _NIOFileSystem in Frameworks */,
				BA109D4C2FDCF2310076B17D /* IRC in Frameworks */,
				BA109D332FDCF1610076B17D /* NIOFoundationEssentialsCompat in Frameworks */,
				BA109D2B2FDCF1610076B17D /* NIOConcurrencyHelpers in Frameworks */,
				BA109D432FDCF1610076B17D /* _NIOFileSystemFoundationCompat in Frameworks */,
				BA109D5F2FDD2AEC0076B17D /* X509 in Frameworks */,
				BA109D3D2FDCF1610076B17D /* NIOWebSocket in Frameworks */,
				BA109D492FDCF20F0076B17D /* NIOSSL in Frameworks */,
				BA109D2F2FDCF1610076B17D /* NIOEmbedded in Frameworks */,
			);
			runOnlyForDeploymentPostprocessing = 0;
		};
/* End PBXFrameworksBuildPhase section */

/* Begin PBXGroup section */
		BA8D36942FDC3BD400F3F342 = {
			isa = PBXGroup;
			children = (
				BA8D369F2FDC3BD400F3F342 /* SwiftXDCC */,
				BA8D369E2FDC3BD400F3F342 /* Products */,
				BA109D1E2FDCED3F0076B17D /* README.md */,
			);
			sourceTree = "<group>";
		};
		BA8D369E2FDC3BD400F3F342 /* Products */ = {
			isa = PBXGroup;
			children = (
				BA8D369D2FDC3BD400F3F342 /* SwiftXDCC.app */,
			);
			name = Products;
			sourceTree = "<group>";
		};
/* End PBXGroup section */

/* Begin PBXNativeTarget section */
		BA8D369C2FDC3BD400F3F342 /* SwiftXDCC */ = {
			isa = PBXNativeTarget;
			buildConfigurationList = BA8D36A82FDC3BD500F3F342 /* Build configuration list for PBXNativeTarget "SwiftXDCC" */;
			buildPhases = (
				BA8D36992FDC3BD400F3F342 /* Sources */,
				BA8D369A2FDC3BD400F3F342 /* Frameworks */,
				BA8D369B2FDC3BD400F3F342 /* Resources */,
			);
			buildRules = (
			);
			dependencies = (
			);
			fileSystemSynchronizedGroups = (
				BA8D369F2FDC3BD400F3F342 /* SwiftXDCC */,
			);
			name = SwiftXDCC;
			packageProductDependencies = (
				BA109D282FDCF1610076B17D /* NIO */,
				BA109D2A2FDCF1610076B17D /* NIOConcurrencyHelpers */,
				BA109D2C2FDCF1610076B17D /* NIOCore */,
				BA109D2E2FDCF1610076B17D /* NIOEmbedded */,
				BA109D302FDCF1610076B17D /* NIOFoundationCompat */,
				BA109D322FDCF1610076B17D /* NIOFoundationEssentialsCompat */,
				BA109D342FDCF1610076B17D /* NIOHTTP1 */,
				BA109D362FDCF1610076B17D /* NIOPosix */,
				BA109D382FDCF1610076B17D /* NIOTLS */,
				BA109D3A2FDCF1610076B17D /* NIOTestUtils */,
				BA109D3C2FDCF1610076B17D /* NIOWebSocket */,
				BA109D3E2FDCF1610076B17D /* _NIOConcurrency */,
				BA109D402FDCF1610076B17D /* _NIOFileSystem */,
				BA109D422FDCF1610076B17D /* _NIOFileSystemFoundationCompat */,
				BA109D452FDCF1DD0076B17D /* NIOTransportServices */,
				BA109D482FDCF20F0076B17D /* NIOSSL */,
				BA109D4B2FDCF2310076B17D /* IRC */,
				BA109D5E2FDD2AEC0076B17D /* X509 */,
			);
			productName = SwiftXDCC;
			productReference = BA8D369D2FDC3BD400F3F342 /* SwiftXDCC.app */;
			productType = "com.apple.product-type.application";
		};
/* End PBXNativeTarget section */

/* Begin PBXProject section */
		BA8D36952FDC3BD400F3F342 /* Project object */ = {
			isa = PBXProject;
			attributes = {
				BuildIndependentTargetsInParallel = 1;
				LastSwiftUpdateCheck = 2650;
				LastUpgradeCheck = 2700;
				TargetAttributes = {
					BA8D369C2FDC3BD400F3F342 = {
						CreatedOnToolsVersion = 26.5;
					};
				};
			};
			buildConfigurationList = BA8D36982FDC3BD400F3F342 /* Build configuration list for PBXProject "SwiftXDCC" */;
			developmentRegion = en;
			hasScannedForEncodings = 0;
			knownRegions = (
				en,
				Base,
			);
			mainGroup = BA8D36942FDC3BD400F3F342;
			minimizedProjectReferenceProxies = 1;
			packageReferences = (
				BA109D272FDCF1610076B17D /* XCRemoteSwiftPackageReference "swift-nio" */,
				BA109D442FDCF1DD0076B17D /* XCRemoteSwiftPackageReference "swift-nio-transport-services" */,
				BA109D472FDCF20F0076B17D /* XCRemoteSwiftPackageReference "swift-nio-ssl" */,
				BA109D4A2FDCF2310076B17D /* XCRemoteSwiftPackageReference "swift-nio-irc-client" */,
				BA109D5D2FDD2AEC0076B17D /* XCRemoteSwiftPackageReference "swift-certificates" */,
			);
			preferredProjectObjectVersion = 77;
			productRefGroup = BA8D369E2FDC3BD400F3F342 /* Products */;
			projectDirPath = "";
			projectRoot = "";
			targets = (
				BA8D369C2FDC3BD400F3F342 /* SwiftXDCC */,
			);
		};
/* End PBXProject section */

/* Begin PBXResourcesBuildPhase section */
		BA8D369B2FDC3BD400F3F342 /* Resources */ = {
			isa = PBXResourcesBuildPhase;
			buildActionMask = 2147483647;
			files = (
				BA109D1F2FDCED3F0076B17D /* README.md in Resources */,
			);
			runOnlyForDeploymentPostprocessing = 0;
		};
/* End PBXResourcesBuildPhase section */

/* Begin PBXSourcesBuildPhase section */
		BA8D36992FDC3BD400F3F342 /* Sources */ = {
			isa = PBXSourcesBuildPhase;
			buildActionMask = 2147483647;
			files = (
			);
			runOnlyForDeploymentPostprocessing = 0;
		};
/* End PBXSourcesBuildPhase section */

/* Begin XCBuildConfiguration section */
		BA8D36A62FDC3BD500F3F342 /* Debug */ = {
			isa = XCBuildConfiguration;
			buildSettings = {
				ALWAYS_SEARCH_USER_PATHS = NO;
				ASSETCATALOG_COMPILER_GENERATE_SWIFT_ASSET_SYMBOL_EXTENSIONS = YES;
				CLANG_ANALYZER_NONNULL = YES;
				CLANG_ANALYZER_NUMBER_OBJECT_CONVERSION = YES_AGGRESSIVE;
				CLANG_CXX_LANGUAGE_STANDARD = "gnu++20";
				CLANG_ENABLE_MODULES = YES;
				CLANG_ENABLE_OBJC_ARC = YES;
				CLANG_ENABLE_OBJC_WEAK = YES;
				CLANG_WARN_BLOCK_CAPTURE_AUTORELEASING = YES;
				CLANG_WARN_BOOL_CONVERSION = YES;
				CLANG_WARN_COMMA = YES;
				CLANG_WARN_CONSTANT_CONVERSION = YES;
				CLANG_WARN_DEPRECATED_OBJC_IMPLEMENTATIONS = YES;
				CLANG_WARN_DIRECT_OBJC_ISA_USAGE = YES_ERROR;
				CLANG_WARN_DOCUMENTATION_COMMENTS = YES;
				CLANG_WARN_EMPTY_BODY = YES;
				CLANG_WARN_ENUM_CONVERSION = YES;
				CLANG_WARN_INFINITE_RECURSION = YES;
				CLANG_WARN_INT_CONVERSION = YES;
				CLANG_WARN_NON_LITERAL_NULL_CONVERSION = YES;
				CLANG_WARN_OBJC_IMPLICIT_RETAIN_SELF = YES;
				CLANG_WARN_OBJC_LITERAL_CONVERSION = YES;
				CLANG_WARN_OBJC_ROOT_CLASS = YES_ERROR;
				CLANG_WARN_QUOTED_INCLUDE_IN_FRAMEWORK_HEADER = YES;
				CLANG_WARN_RANGE_LOOP_ANALYSIS = YES;
				CLANG_WARN_STRICT_PROTOTYPES = YES;
				CLANG_WARN_SUSPICIOUS_MOVE = YES;
				CLANG_WARN_UNGUARDED_AVAILABILITY = YES_AGGRESSIVE;
				CLANG_WARN_UNREACHABLE_CODE = YES;
				CLANG_WARN__DUPLICATE_METHOD_MATCH = YES;
				COPY_PHASE_STRIP = NO;
				DEAD_CODE_STRIPPING = YES;
				DEBUG_INFORMATION_FORMAT = dwarf;
				DEVELOPMENT_TEAM = 6H3JCHA3QJ;
				ENABLE_STRICT_OBJC_MSGSEND = YES;
				ENABLE_TESTABILITY = YES;
				ENABLE_USER_SCRIPT_SANDBOXING = YES;
				GCC_C_LANGUAGE_STANDARD = gnu17;
				GCC_DYNAMIC_NO_PIC = NO;
				GCC_NO_COMMON_BLOCKS = YES;
				GCC_OPTIMIZATION_LEVEL = 0;
				GCC_PREPROCESSOR_DEFINITIONS = (
					"DEBUG=1",
					"$(inherited)",
				);
				GCC_WARN_64_TO_32_BIT_CONVERSION = YES;
				GCC_WARN_ABOUT_RETURN_TYPE = YES_ERROR;
				GCC_WARN_UNDECLARED_SELECTOR = YES;
				GCC_WARN_UNINITIALIZED_AUTOS = YES_AGGRESSIVE;
				GCC_WARN_UNUSED_FUNCTION = YES;
				GCC_WARN_UNUSED_VARIABLE = YES;
				LOCALIZATION_PREFERS_STRING_CATALOGS = YES;
				MACOSX_DEPLOYMENT_TARGET = 26.5;
				MTL_ENABLE_DEBUG_INFO = INCLUDE_SOURCE;
				MTL_FAST_MATH = YES;
				ONLY_ACTIVE_ARCH = YES;
				SDKROOT = macosx;
				STRING_CATALOG_GENERATE_SYMBOLS = YES;
				SWIFT_ACTIVE_COMPILATION_CONDITIONS = "DEBUG $(inherited)";
				SWIFT_OPTIMIZATION_LEVEL = "-Onone";
			};
			name = Debug;
		};
		BA8D36A72FDC3BD500F3F342 /* Release */ = {
			isa = XCBuildConfiguration;
			buildSettings = {
				ALWAYS_SEARCH_USER_PATHS = NO;
				ASSETCATALOG_COMPILER_GENERATE_SWIFT_ASSET_SYMBOL_EXTENSIONS = YES;
				CLANG_ANALYZER_NONNULL = YES;
				CLANG_ANALYZER_NUMBER_OBJECT_CONVERSION = YES_AGGRESSIVE;
				CLANG_CXX_LANGUAGE_STANDARD = "gnu++20";
				CLANG_ENABLE_MODULES = YES;
				CLANG_ENABLE_OBJC_ARC = YES;
				CLANG_ENABLE_OBJC_WEAK = YES;
				CLANG_WARN_BLOCK_CAPTURE_AUTORELEASING = YES;
				CLANG_WARN_BOOL_CONVERSION = YES;
				CLANG_WARN_COMMA = YES;
				CLANG_WARN_CONSTANT_CONVERSION = YES;
				CLANG_WARN_DEPRECATED_OBJC_IMPLEMENTATIONS = YES;
				CLANG_WARN_DIRECT_OBJC_ISA_USAGE = YES_ERROR;
				CLANG_WARN_DOCUMENTATION_COMMENTS = YES;
				CLANG_WARN_EMPTY_BODY = YES;
				CLANG_WARN_ENUM_CONVERSION = YES;
				CLANG_WARN_INFINITE_RECURSION = YES;
				CLANG_WARN_INT_CONVERSION = YES;
				CLANG_WARN_NON_LITERAL_NULL_CONVERSION = YES;
				CLANG_WARN_OBJC_IMPLICIT_RETAIN_SELF = YES;
				CLANG_WARN_OBJC_LITERAL_CONVERSION = YES;
				CLANG_WARN_OBJC_ROOT_CLASS = YES_ERROR;
				CLANG_WARN_QUOTED_INCLUDE_IN_FRAMEWORK_HEADER = YES;
				CLANG_WARN_RANGE_LOOP_ANALYSIS = YES;
				CLANG_WARN_STRICT_PROTOTYPES = YES;
				CLANG_WARN_SUSPICIOUS_MOVE = YES;
				CLANG_WARN_UNGUARDED_AVAILABILITY = YES_AGGRESSIVE;
				CLANG_WARN_UNREACHABLE_CODE = YES;
				CLANG_WARN__DUPLICATE_METHOD_MATCH = YES;
				COPY_PHASE_STRIP = NO;
				DEAD_CODE_STRIPPING = YES;
				DEBUG_INFORMATION_FORMAT = "dwarf-with-dsym";
				DEVELOPMENT_TEAM = 6H3JCHA3QJ;
				ENABLE_NS_ASSERTIONS = NO;
				ENABLE_STRICT_OBJC_MSGSEND = YES;
				ENABLE_USER_SCRIPT_SANDBOXING = YES;
				GCC_C_LANGUAGE_STANDARD = gnu17;
				GCC_NO_COMMON_BLOCKS = YES;
				GCC_WARN_64_TO_32_BIT_CONVERSION = YES;
				GCC_WARN_ABOUT_RETURN_TYPE = YES_ERROR;
				GCC_WARN_UNDECLARED_SELECTOR = YES;
				GCC_WARN_UNINITIALIZED_AUTOS = YES_AGGRESSIVE;
				GCC_WARN_UNUSED_FUNCTION = YES;
				GCC_WARN_UNUSED_VARIABLE = YES;
				LOCALIZATION_PREFERS_STRING_CATALOGS = YES;
				MACOSX_DEPLOYMENT_TARGET = 26.5;
				MTL_ENABLE_DEBUG_INFO = NO;
				MTL_FAST_MATH = YES;
				SDKROOT = macosx;
				STRING_CATALOG_GENERATE_SYMBOLS = YES;
				SWIFT_COMPILATION_MODE = wholemodule;
			};
			name = Release;
		};
		BA8D36A92FDC3BD500F3F342 /* Debug */ = {
			isa = XCBuildConfiguration;
			buildSettings = {
				ASSETCATALOG_COMPILER_APPICON_NAME = AppIcon;
				ASSETCATALOG_COMPILER_GLOBAL_ACCENT_COLOR_NAME = AccentColor;
				CODE_SIGN_ENTITLEMENTS = SwiftXDCC/SwiftXDCC.entitlements;
				CODE_SIGN_IDENTITY = "Apple Development";
				"CODE_SIGN_IDENTITY[sdk=macosx*]" = "Apple Development";
				CODE_SIGN_STYLE = Automatic;
				COMBINE_HIDPI_IMAGES = YES;
				CURRENT_PROJECT_VERSION = 1;
				DEAD_CODE_STRIPPING = YES;
				DEVELOPMENT_TEAM = 6H3JCHA3QJ;
				ENABLE_APP_SANDBOX = YES;
				ENABLE_FILE_ACCESS_DOWNLOADS_FOLDER = readwrite;
				ENABLE_HARDENED_RUNTIME = YES;
				ENABLE_INCOMING_NETWORK_CONNECTIONS = YES;
				ENABLE_OUTGOING_NETWORK_CONNECTIONS = YES;
				ENABLE_PREVIEWS = YES;
				ENABLE_RESOURCE_ACCESS_AUDIO_INPUT = NO;
				ENABLE_RESOURCE_ACCESS_BLUETOOTH = NO;
				ENABLE_RESOURCE_ACCESS_CALENDARS = NO;
				ENABLE_RESOURCE_ACCESS_CAMERA = NO;
				ENABLE_RESOURCE_ACCESS_CONTACTS = NO;
				ENABLE_RESOURCE_ACCESS_LOCATION = NO;
				ENABLE_RESOURCE_ACCESS_PRINTING = NO;
				ENABLE_RESOURCE_ACCESS_USB = NO;
				ENABLE_USER_SELECTED_FILES = readwrite;
				GENERATE_INFOPLIST_FILE = YES;
				INFOPLIST_KEY_LSApplicationCategoryType = "public.app-category.utilities";
				INFOPLIST_KEY_NSHumanReadableCopyright = "";
				LD_RUNPATH_SEARCH_PATHS = (
					"$(inherited)",
					"@executable_path/../Frameworks",
				);
				MARKETING_VERSION = 1.0;
				PRODUCT_BUNDLE_IDENTIFIER = vandermesis.SwiftXDCC;
				PRODUCT_NAME = "$(TARGET_NAME)";
				PROVISIONING_PROFILE_SPECIFIER = "";
				REGISTER_APP_GROUPS = YES;
				STRING_CATALOG_GENERATE_SYMBOLS = YES;
				SWIFT_APPROACHABLE_CONCURRENCY = YES;
				SWIFT_DEFAULT_ACTOR_ISOLATION = MainActor;
				SWIFT_EMIT_LOC_STRINGS = YES;
				SWIFT_UPCOMING_FEATURE_MEMBER_IMPORT_VISIBILITY = YES;
				SWIFT_VERSION = 5.0;
			};
			name = Debug;
		};
		BA8D36AA2FDC3BD500F3F342 /* Release */ = {
			isa = XCBuildConfiguration;
			buildSettings = {
				ASSETCATALOG_COMPILER_APPICON_NAME = AppIcon;
				ASSETCATALOG_COMPILER_GLOBAL_ACCENT_COLOR_NAME = AccentColor;
				CODE_SIGN_ENTITLEMENTS = SwiftXDCC/SwiftXDCC.entitlements;
				CODE_SIGN_IDENTITY = "Apple Development";
				"CODE_SIGN_IDENTITY[sdk=macosx*]" = "Apple Development";
				CODE_SIGN_STYLE = Automatic;
				COMBINE_HIDPI_IMAGES = YES;
				CURRENT_PROJECT_VERSION = 1;
				DEAD_CODE_STRIPPING = YES;
				DEVELOPMENT_TEAM = 6H3JCHA3QJ;
				ENABLE_APP_SANDBOX = YES;
				ENABLE_FILE_ACCESS_DOWNLOADS_FOLDER = readwrite;
				ENABLE_HARDENED_RUNTIME = YES;
				ENABLE_INCOMING_NETWORK_CONNECTIONS = YES;
				ENABLE_OUTGOING_NETWORK_CONNECTIONS = YES;
				ENABLE_PREVIEWS = YES;
				ENABLE_RESOURCE_ACCESS_AUDIO_INPUT = NO;
				ENABLE_RESOURCE_ACCESS_BLUETOOTH = NO;
				ENABLE_RESOURCE_ACCESS_CALENDARS = NO;
				ENABLE_RESOURCE_ACCESS_CAMERA = NO;
				ENABLE_RESOURCE_ACCESS_CONTACTS = NO;
				ENABLE_RESOURCE_ACCESS_LOCATION = NO;
				ENABLE_RESOURCE_ACCESS_PRINTING = NO;
				ENABLE_RESOURCE_ACCESS_USB = NO;
				ENABLE_USER_SELECTED_FILES = readwrite;
				GENERATE_INFOPLIST_FILE = YES;
				INFOPLIST_KEY_LSApplicationCategoryType = "public.app-category.utilities";
				INFOPLIST_KEY_NSHumanReadableCopyright = "";
				LD_RUNPATH_SEARCH_PATHS = (
					"$(inherited)",
					"@executable_path/../Frameworks",
				);
				MARKETING_VERSION = 1.0;
				PRODUCT_BUNDLE_IDENTIFIER = vandermesis.SwiftXDCC;
				PRODUCT_NAME = "$(TARGET_NAME)";
				PROVISIONING_PROFILE_SPECIFIER = "";
				REGISTER_APP_GROUPS = YES;
				STRING_CATALOG_GENERATE_SYMBOLS = YES;
				SWIFT_APPROACHABLE_CONCURRENCY = YES;
				SWIFT_DEFAULT_ACTOR_ISOLATION = MainActor;
				SWIFT_EMIT_LOC_STRINGS = YES;
				SWIFT_UPCOMING_FEATURE_MEMBER_IMPORT_VISIBILITY = YES;
				SWIFT_VERSION = 5.0;
			};
			name = Release;
		};
/* End XCBuildConfiguration section */

/* Begin XCConfigurationList section */
		BA8D36982FDC3BD400F3F342 /* Build configuration list for PBXProject "SwiftXDCC" */ = {
			isa = XCConfigurationList;
			buildConfigurations = (
				BA8D36A62FDC3BD500F3F342 /* Debug */,
				BA8D36A72FDC3BD500F3F342 /* Release */,
			);
			defaultConfigurationIsVisible = 0;
			defaultConfigurationName = Release;
		};
		BA8D36A82FDC3BD500F3F342 /* Build configuration list for PBXNativeTarget "SwiftXDCC" */ = {
			isa = XCConfigurationList;
			buildConfigurations = (
				BA8D36A92FDC3BD500F3F342 /* Debug */,
				BA8D36AA2FDC3BD500F3F342 /* Release */,
			);
			defaultConfigurationIsVisible = 0;
			defaultConfigurationName = Release;
		};
/* End XCConfigurationList section */

/* Begin XCRemoteSwiftPackageReference section */
		BA109D272FDCF1610076B17D /* XCRemoteSwiftPackageReference "swift-nio" */ = {
			isa = XCRemoteSwiftPackageReference;
			repositoryURL = "https://github.com/apple/swift-nio.git";
			requirement = {
				kind = upToNextMajorVersion;
				minimumVersion = 2.101.0;
			};
		};
		BA109D442FDCF1DD0076B17D /* XCRemoteSwiftPackageReference "swift-nio-transport-services" */ = {
			isa = XCRemoteSwiftPackageReference;
			repositoryURL = "https://github.com/apple/swift-nio-transport-services";
			requirement = {
				kind = upToNextMajorVersion;
				minimumVersion = 1.28.0;
			};
		};
		BA109D472FDCF20F0076B17D /* XCRemoteSwiftPackageReference "swift-nio-ssl" */ = {
			isa = XCRemoteSwiftPackageReference;
			repositoryURL = "https://github.com/apple/swift-nio-ssl";
			requirement = {
				kind = upToNextMajorVersion;
				minimumVersion = 2.37.1;
			};
		};
		BA109D4A2FDCF2310076B17D /* XCRemoteSwiftPackageReference "swift-nio-irc-client" */ = {
			isa = XCRemoteSwiftPackageReference;
			repositoryURL = "https://github.com/NozeIO/swift-nio-irc-client";
			requirement = {
				kind = upToNextMajorVersion;
				minimumVersion = 0.8.1;
			};
		};
		BA109D5D2FDD2AEC0076B17D /* XCRemoteSwiftPackageReference "swift-certificates" */ = {
			isa = XCRemoteSwiftPackageReference;
			repositoryURL = "https://github.com/apple/swift-certificates.git";
			requirement = {
				kind = upToNextMajorVersion;
				minimumVersion = 1.19.1;
			};
		};
/* End XCRemoteSwiftPackageReference section */

/* Begin XCSwiftPackageProductDependency section */
		BA109D282FDCF1610076B17D /* NIO */ = {
			isa = XCSwiftPackageProductDependency;
			package = BA109D272FDCF1610076B17D /* XCRemoteSwiftPackageReference "swift-nio" */;
			productName = NIO;
		};
		BA109D2A2FDCF1610076B17D /* NIOConcurrencyHelpers */ = {
			isa = XCSwiftPackageProductDependency;
			package = BA109D272FDCF1610076B17D /* XCRemoteSwiftPackageReference "swift-nio" */;
			productName = NIOConcurrencyHelpers;
		};
		BA109D2C2FDCF1610076B17D /* NIOCore */ = {
			isa = XCSwiftPackageProductDependency;
			package = BA109D272FDCF1610076B17D /* XCRemoteSwiftPackageReference "swift-nio" */;
			productName = NIOCore;
		};
		BA109D2E2FDCF1610076B17D /* NIOEmbedded */ = {
			isa = XCSwiftPackageProductDependency;
			package = BA109D272FDCF1610076B17D /* XCRemoteSwiftPackageReference "swift-nio" */;
			productName = NIOEmbedded;
		};
		BA109D302FDCF1610076B17D /* NIOFoundationCompat */ = {
			isa = XCSwiftPackageProductDependency;
			package = BA109D272FDCF1610076B17D /* XCRemoteSwiftPackageReference "swift-nio" */;
			productName = NIOFoundationCompat;
		};
		BA109D322FDCF1610076B17D /* NIOFoundationEssentialsCompat */ = {
			isa = XCSwiftPackageProductDependency;
			package = BA109D272FDCF1610076B17D /* XCRemoteSwiftPackageReference "swift-nio" */;
			productName = NIOFoundationEssentialsCompat;
		};
		BA109D342FDCF1610076B17D /* NIOHTTP1 */ = {
			isa = XCSwiftPackageProductDependency;
			package = BA109D272FDCF1610076B17D /* XCRemoteSwiftPackageReference "swift-nio" */;
			productName = NIOHTTP1;
		};
		BA109D362FDCF1610076B17D /* NIOPosix */ = {
			isa = XCSwiftPackageProductDependency;
			package = BA109D272FDCF1610076B17D /* XCRemoteSwiftPackageReference "swift-nio" */;
			productName = NIOPosix;
		};
		BA109D382FDCF1610076B17D /* NIOTLS */ = {
			isa = XCSwiftPackageProductDependency;
			package = BA109D272FDCF1610076B17D /* XCRemoteSwiftPackageReference "swift-nio" */;
			productName = NIOTLS;
		};
		BA109D3A2FDCF1610076B17D /* NIOTestUtils */ = {
			isa = XCSwiftPackageProductDependency;
			package = BA109D272FDCF1610076B17D /* XCRemoteSwiftPackageReference "swift-nio" */;
			productName = NIOTestUtils;
		};
		BA109D3C2FDCF1610076B17D /* NIOWebSocket */ = {
			isa = XCSwiftPackageProductDependency;
			package = BA109D272FDCF1610076B17D /* XCRemoteSwiftPackageReference "swift-nio" */;
			productName = NIOWebSocket;
		};
		BA109D3E2FDCF1610076B17D /* _NIOConcurrency */ = {
			isa = XCSwiftPackageProductDependency;
			package = BA109D272FDCF1610076B17D /* XCRemoteSwiftPackageReference "swift-nio" */;
			productName = _NIOConcurrency;
		};
		BA109D402FDCF1610076B17D /* _NIOFileSystem */ = {
			isa = XCSwiftPackageProductDependency;
			package = BA109D272FDCF1610076B17D /* XCRemoteSwiftPackageReference "swift-nio" */;
			productName = _NIOFileSystem;
		};
		BA109D422FDCF1610076B17D /* _NIOFileSystemFoundationCompat */ = {
			isa = XCSwiftPackageProductDependency;
			package = BA109D272FDCF1610076B17D /* XCRemoteSwiftPackageReference "swift-nio" */;
			productName = _NIOFileSystemFoundationCompat;
		};
		BA109D452FDCF1DD0076B17D /* NIOTransportServices */ = {
			isa = XCSwiftPackageProductDependency;
			package = BA109D442FDCF1DD0076B17D /* XCRemoteSwiftPackageReference "swift-nio-transport-services" */;
			productName = NIOTransportServices;
		};
		BA109D482FDCF20F0076B17D /* NIOSSL */ = {
			isa = XCSwiftPackageProductDependency;
			package = BA109D472FDCF20F0076B17D /* XCRemoteSwiftPackageReference "swift-nio-ssl" */;
			productName = NIOSSL;
		};
		BA109D4B2FDCF2310076B17D /* IRC */ = {
			isa = XCSwiftPackageProductDependency;
			package = BA109D4A2FDCF2310076B17D /* XCRemoteSwiftPackageReference "swift-nio-irc-client" */;
			productName = IRC;
		};
		BA109D5E2FDD2AEC0076B17D /* X509 */ = {
			isa = XCSwiftPackageProductDependency;
			package = BA109D5D2FDD2AEC0076B17D /* XCRemoteSwiftPackageReference "swift-certificates" */;
			productName = X509;
		};
/* End XCSwiftPackageProductDependency section */
	};
	rootObject = BA8D36952FDC3BD400F3F342 /* Project object */;
}
